// !$*UTF8*$!
{
	archiveVersion = 1;
	classes = {
	};
	objectVersion = 46;
	objects = {

/* Begin PBXBuildFile section */
		FA2B85D71B85A8DA0054AC6C /* AppDelegate.swift in Sources */ = {isa = PBXBuildFile; fileRef = FA2B85D61B85A8DA0054AC6C /* AppDelegate.swift */; };
		FA2B85DA1B85A8DA0054AC6C /* NSNL.xcdatamodeld in Sources */ = {isa = PBXBuildFile; fileRef = FA2B85D81B85A8DA0054AC6C /* NSNL.xcdatamodeld */; };
		FA2B85DC1B85A8DA0054AC6C /* ViewController.swift in Sources */ = {isa = PBXBuildFile; fileRef = FA2B85DB1B85A8DA0054AC6C /* ViewController.swift */; };
		FA2B85DF1B85A8DA0054AC6C /* Main.storyboard in Resources */ = {isa = PBXBuildFile; fileRef = FA2B85DD1B85A8DA0054AC6C /* Main.storyboard */; };
		FA2B85E11B85A8DA0054AC6C /* Images.xcassets in Resources */ = {isa = PBXBuildFile; fileRef = FA2B85E01B85A8DA0054AC6C /* Images.xcassets */; };
		FA2B85E41B85A8DA0054AC6C /* LaunchScreen.xib in Resources */ = {isa = PBXBuildFile; fileRef = FA2B85E21B85A8DA0054AC6C /* LaunchScreen.xib */; };
		FA2B85F01B85A8DA0054AC6C /* NSNLTests.swift in Sources */ = {isa = PBXBuildFile; fileRef = FA2B85EF1B85A8DA0054AC6C /* NSNLTests.swift */; };
/* End PBXBuildFile section */

/* Begin PBXContainerItemProxy section */
		FA2B85EA1B85A8DA0054AC6C /* PBXContainerItemProxy */ = {
			isa = PBXContainerItemProxy;
			containerPortal = FA2B85C91B85A8DA0054AC6C /* Project object */;
			proxyType = 1;
			remoteGlobalIDString = FA2B85D01B85A8DA0054AC6C;
			remoteInfo = NSNL;
		};
/* End PBXContainerItemProxy section */

/* Begin PBXFileReference section */
		FA2B85D11B85A8DA0054AC6C /* NSNL.app */ = {isa = PBXFileReference; explicitFileType = wrapper.application; includeInIndex = 0; path = NSNL.app; sourceTree = BUILT_PRODUCTS_DIR; };
		FA2B85D51B85A8DA0054AC6C /* Info.plist */ = {isa = PBXFileReference; lastKnownFileType = text.plist.xml; path = Info.plist; sourceTree = "<group>"; };
		FA2B85D61B85A8DA0054AC6C /* AppDelegate.swift */ = {isa = PBXFileReference; lastKnownFileType = sourcecode.swift; path = AppDelegate.swift; sourceTree = "<group>"; };
		FA2B85D91B85A8DA0054AC6C /* NSNL.xcdatamodel */ = {isa = PBXFileReference; lastKnownFileType = wrapper.xcdatamodel; path = NSNL.xcdatamodel; sourceTree = "<group>"; };
		FA2B85DB1B85A8DA0054AC6C /* ViewController.swift */ = {isa = PBXFileReference; lastKnownFileType = sourcecode.swift; path = ViewController.swift; sourceTree = "<group>"; };
		FA2B85DE1B85A8DA0054AC6C /* Base */ = {isa = PBXFileReference; lastKnownFileType = file.storyboard; name = Base; path = Base.lproj/Main.storyboard; sourceTree = "<group>"; };
		FA2B85E01B85A8DA0054AC6C /* Images.xcassets */ = {isa = PBXFileReference; lastKnownFileType = folder.assetcatalog; path = Images.xcassets; sourceTree = "<group>"; };
		FA2B85E31B85A8DA0054AC6C /* Base */ = {isa = PBXFileReference; lastKnownFileType = file.xib; name = Base; path = Base.lproj/LaunchScreen.xib; sourceTree = "<group>"; };
		FA2B85E91B85A8DA0054AC6C /* NSNLTests.xctest */ = {isa = PBXFileReference; explicitFileType = wrapper.cfbundle; includeInIndex = 0; path = NSNLTests.xctest; sourceTree = BUILT_PRODUCTS_DIR; };
		FA2B85EE1B85A8DA0054AC6C /* Info.plist */ = {isa = PBXFileReference; lastKnownFileType = text.plist.xml; path = Info.plist; sourceTree = "<group>"; };
		FA2B85EF1B85A8DA0054AC6C /* NSNLTests.swift */ = {isa = PBXFileReference; lastKnownFileType = sourcecode.swift; path = NSNLTests.swift; sourceTree = "<group>"; };
/* End PBXFileReference section */

/* Begin PBXFrameworksBuildPhase section */
		FA2B85CE1B85A8DA0054AC6C /* Frameworks */ = {
			isa = PBXFrameworksBuildPhase;
			buildActionMask = 2147483647;
			files = (
			);
			runOnlyForDeploymentPostprocessing = 0;
		};
		FA2B85E61B85A8DA0054AC6C /* Frameworks */ = {
			isa = PBXFrameworksBuildPhase;
			buildActionMask = 2147483647;
			files = (
			);
			runOnlyForDeploymentPostprocessing = 0;
		};
/* End PBXFrameworksBuildPhase section */

/* Begin PBXGroup section */
		FA2B85C81B85A8DA0054AC6C = {
			isa = PBXGroup;
			children = (
				FA2B85D31B85A8DA0054AC6C /* NSNL */,
				FA2B85EC1B85A8DA0054AC6C /* NSNLTests */,
				FA2B85D21B85A8DA0054AC6C /* Products */,
			);
			sourceTree = "<group>";
		};
		FA2B85D21B85A8DA0054AC6C /* Products */ = {
			isa = PBXGroup;
			children = (
				FA2B85D11B85A8DA0054AC6C /* NSNL.app */,
				FA2B85E91B85A8DA0054AC6C /* NSNLTests.xctest */,
			);
			name = Products;
			sourceTree = "<group>";
		};
		FA2B85D31B85A8DA0054AC6C /* NSNL */ = {
			isa = PBXGroup;
			children = (
				FA2B85D61B85A8DA0054AC6C /* AppDelegate.swift */,
				FA2B85DB1B85A8DA0054AC6C /* ViewController.swift */,
				FA2B85DD1B85A8DA0054AC6C /* Main.storyboard */,
				FA2B85E01B85A8DA0054AC6C /* Images.xcassets */,
				FA2B85E21B85A8DA0054AC6C /* LaunchScreen.xib */,
				FA2B85D81B85A8DA0054AC6C /* NSNL.xcdatamodeld */,
				FA2B85D41B85A8DA0054AC6C /* Supporting Files */,
			);
			path = NSNL;
			sourceTree = "<group>";
		};
		FA2B85D41B85A8DA0054AC6C /* Supporting Files */ = {
			isa = PBXGroup;
			children = (
				FA2B85D51B85A8DA0054AC6C /* Info.plist */,
			);
			name = "Supporting Files";
			sourceTree = "<group>";
		};
		FA2B85EC1B85A8DA0054AC6C /* NSNLTests */ = {
			isa = PBXGroup;
			children = (
				FA2B85EF1B85A8DA0054AC6C /* NSNLTests.swift */,
				FA2B85ED1B85A8DA0054AC6C /* Supporting Files */,
			);
			path = NSNLTests;
			sourceTree = "<group>";
		};
		FA2B85ED1B85A8DA0054AC6C /* Supporting Files */ = {
			isa = PBXGroup;
			children = (
				FA2B85EE1B85A8DA0054AC6C /* Info.plist */,
			);
			name = "Supporting Files";
			sourceTree = "<group>";
		};
/* End PBXGroup section */

/* Begin PBXNativeTarget section */
		FA2B85D01B85A8DA0054AC6C /* NSNL */ = {
			isa = PBXNativeTarget;
			buildConfigurationList = FA2B85F31B85A8DB0054AC6C /* Build configuration list for PBXNativeTarget "NSNL" */;
			buildPhases = (
				FA2B85CD1B85A8DA0054AC6C /* Sources */,
				FA2B85CE1B85A8DA0054AC6C /* Frameworks */,
				FA2B85CF1B85A8DA0054AC6C /* Resources */,
			);
			buildRules = (
			);
			dependencies = (
			);
			name = NSNL;
			productName = NSNL;
			productReference = FA2B85D11B85A8DA0054AC6C /* NSNL.app */;
			productType = "com.apple.product-type.application";
		};
		FA2B85E81B85A8DA0054AC6C /* NSNLTests */ = {
			isa = PBXNativeTarget;
			buildConfigurationList = FA2B85F61B85A8DB0054AC6C /* Build configuration list for PBXNativeTarget "NSNLTests" */;
			buildPhases = (
				FA2B85E51B85A8DA0054AC6C /* Sources */,
				FA2B85E61B85A8DA0054AC6C /* Frameworks */,
				FA2B85E71B85A8DA0054AC6C /* Resources */,
			);
			buildRules = (
			);
			dependencies = (
				FA2B85EB1B85A8DA0054AC6C /* PBXTargetDependency */,
			);
			name = NSNLTests;
			productName = NSNLTests;
			productReference = FA2B85E91B85A8DA0054AC6C /* NSNLTests.xctest */;
			productType = "com.apple.product-type.bundle.unit-test";
		};
/* End PBXNativeTarget section */

/* Begin PBXProject section */
		FA2B85C91B85A8DA0054AC6C /* Project object */ = {
			isa = PBXProject;
			attributes = {
				LastUpgradeCheck = 0640;
				ORGANIZATIONNAME = "Nishinaka Tomoki";
				TargetAttributes = {
					FA2B85D01B85A8DA0054AC6C = {
						CreatedOnToolsVersion = 6.4;
						DevelopmentTeam = 8589MH68KB;
					};
					FA2B85E81B85A8DA0054AC6C = {
						CreatedOnToolsVersion = 6.4;
						TestTargetID = FA2B85D01B85A8DA0054AC6C;
					};
				};
			};
			buildConfigurationList = FA2B85CC1B85A8DA0054AC6C /* Build configuration list for PBXProject "NSNL" */;
			compatibilityVersion = "Xcode 3.2";
			developmentRegion = English;
			hasScannedForEncodings = 0;
			knownRegions = (
				en,
				Base,
			);
			mainGroup = FA2B85C81B85A8DA0054AC6C;
			productRefGroup = FA2B85D21B85A8DA0054AC6C /* Products */;
			projectDirPath = "";
			projectRoot = "";
			targets = (
				FA2B85D01B85A8DA0054AC6C /* NSNL */,
				FA2B85E81B85A8DA0054AC6C /* NSNLTests */,
			);
		};
/* End PBXProject section */

/* Begin PBXResourcesBuildPhase section */
		FA2B85CF1B85A8DA0054AC6C /* Resources */ = {
			isa = PBXResourcesBuildPhase;
			buildActionMask = 2147483647;
			files = (
				FA2B85DF1B85A8DA0054AC6C /* Main.storyboard in Resources */,
				FA2B85E41B85A8DA0054AC6C /* LaunchScreen.xib in Resources */,
				FA2B85E11B85A8DA0054AC6C /* Images.xcassets in Resources */,
			);
			runOnlyForDeploymentPostprocessing = 0;
		};
		FA2B85E71B85A8DA0054AC6C /* Resources */ = {
			isa = PBXResourcesBuildPhase;
			buildActionMask = 2147483647;
			files = (
			);
			runOnlyForDeploymentPostprocessing = 0;
		};
/* End PBXResourcesBuildPhase section */

/* Begin PBXSourcesBuildPhase section */
		FA2B85CD1B85A8DA0054AC6C /* Sources */ = {
			isa = PBXSourcesBuildPhase;
			buildActionMask = 2147483647;
			files = (
				FA2B85DC1B85A8DA0054AC6C /* ViewController.swift in Sources */,
				FA2B85DA1B85A8DA0054AC6C /* NSNL.xcdatamodeld in Sources */,
				FA2B85D71B85A8DA0054AC6C /* AppDelegate.swift in Sources */,
			);
			runOnlyForDeploymentPostprocessing = 0;
		};
		FA2B85E51B85A8DA0054AC6C /* Sources */ = {
			isa = PBXSourcesBuildPhase;
			buildActionMask = 2147483647;
			files = (
				FA2B85F01B85A8DA0054AC6C /* NSNLTests.swift in Sources */,
			);
			runOnlyForDeploymentPostprocessing = 0;
		};
/* End PBXSourcesBuildPhase section */

/* Begin PBXTargetDependency section */
		FA2B85EB1B85A8DA0054AC6C /* PBXTargetDependency */ = {
			isa = PBXTargetDependency;
			target = FA2B85D01B85A8DA0054AC6C /* NSNL */;
			targetProxy = FA2B85EA1B85A8DA0054AC6C /* PBXContainerItemProxy */;
		};
/* End PBXTargetDependency section */

/* Begin PBXVariantGroup section */
		FA2B85DD1B85A8DA0054AC6C /* Main.storyboard */ = {
			isa = PBXVariantGroup;
			children = (
				FA2B85DE1B85A8DA0054AC6C /* Base */,
			);
			name = Main.storyboard;
			sourceTree = "<group>";
		};
		FA2B85E21B85A8DA0054AC6C /* LaunchScreen.xib */ = {
			isa = PBXVariantGroup;
			children = (
				FA2B85E31B85A8DA0054AC6C /* Base */,
			);
			name = LaunchScreen.xib;
			sourceTree = "<group>";
		};
/* End PBXVariantGroup section */

/* Begin XCBuildConfiguration section */
		FA2B85F11B85A8DB0054AC6C /* Debug */ = {
			isa = XCBuildConfiguration;
			buildSettings = {
				ALWAYS_SEARCH_USER_PATHS = NO;
				CLANG_CXX_LANGUAGE_STANDARD = "gnu++0x";
				CLANG_CXX_LIBRARY = "libc++";
				CLANG_ENABLE_MODULES = YES;
				CLANG_ENABLE_OBJC_ARC = YES;
				CLANG_WARN_BOOL_CONVERSION = YES;
				CLANG_WARN_CONSTANT_CONVERSION = YES;
				CLANG_WARN_DIRECT_OBJC_ISA_USAGE = YES_ERROR;
				CLANG_WARN_EMPTY_BODY = YES;
				CLANG_WARN_ENUM_CONVERSION = YES;
				CLANG_WARN_INT_CONVERSION = YES;
				CLANG_WARN_OBJC_ROOT_CLASS = YES_ERROR;
				CLANG_WARN_UNREACHABLE_CODE = YES;
				CLANG_WARN__DUPLICATE_METHOD_MATCH = YES;
				"CODE_SIGN_IDENTITY[sdk=iphoneos*]" = "iPhone Developer";
				COPY_PHASE_STRIP = NO;
				DEBUG_INFORMATION_FORMAT = "dwarf-with-dsym";
				ENABLE_STRICT_OBJC_MSGSEND = YES;
				GCC_C_LANGUAGE_STANDARD = gnu99;
				GCC_DYNAMIC_NO_PIC = NO;
				GCC_NO_COMMON_BLOCKS = YES;
				GCC_OPTIMIZATION_LEVEL = 0;
				GCC_PREPROCESSOR_DEFINITIONS = (
					"DEBUG=1",
					"$(inherited)",
				);
				GCC_SYMBOLS_PRIVATE_EXTERN = NO;
				GCC_WARN_64_TO_32_BIT_CONVERSION = YES;
				GCC_WARN_ABOUT_RETURN_TYPE = YES_ERROR;
				GCC_WARN_UNDECLARED_SELECTOR = YES;
				GCC_WARN_UNINITIALIZED_AUTOS = YES_AGGRESSIVE;
				GCC_WARN_UNUSED_FUNCTION = YES;
				GCC_WARN_UNUSED_VARIABLE = YES;
				IPHONEOS_DEPLOYMENT_TARGET = 8.4;
				MTL_ENABLE_DEBUG_INFO = YES;
				ONLY_ACTIVE_ARCH = YES;
				SDKROOT = iphoneos;
				SWIFT_OPTIMIZATION_LEVEL = "-Onone";
			};
			name = Debug;
		};
		FA2B85F21B85A8DB0054AC6C /* Release */ = {
			isa = XCBuildConfiguration;
			buildSettings = {
				ALWAYS_SEARCH_USER_PATHS = NO;
				CLANG_CXX_LANGUAGE_STANDARD = "gnu++0x";
				CLANG_CXX_LIBRARY = "libc++";
				CLANG_ENABLE_MODULES = YES;
				CLANG_ENABLE_OBJC_ARC = YES;
				CLANG_WARN_BOOL_CONVERSION = YES;
				CLANG_WARN_CONSTANT_CONVERSION = YES;
				CLANG_WARN_DIRECT_OBJC_ISA_USAGE = YES_ERROR;
				CLANG_WARN_EMPTY_BODY = YES;
				CLANG_WARN_ENUM_CONVERSION = YES;
				CLANG_WARN_INT_CONVERSION = YES;
				CLANG_WARN_OBJC_ROOT_CLASS = YES_ERROR;
				CLANG_WARN_UNREACHABLE_CODE = YES;
				CLANG_WARN__DUPLICATE_METHOD_MATCH = YES;
				"CODE_SIGN_IDENTITY[sdk=iphoneos*]" = "iPhone Developer";
				COPY_PHASE_STRIP = NO;
				DEBUG_INFORMATION_FORMAT = "dwarf-with-dsym";
				ENABLE_NS_ASSERTIONS = NO;
				ENABLE_STRICT_OBJC_MSGSEND = YES;
				GCC_C_LANGUAGE_STANDARD = gnu99;
				GCC_NO_COMMON_BLOCKS = YES;
				GCC_WARN_64_TO_32_BIT_CONVERSION = YES;
				GCC_WARN_ABOUT_RETURN_TYPE = YES_ERROR;
				GCC_WARN_UNDECLARED_SELECTOR = YES;
				GCC_WARN_UNINITIALIZED_AUTOS = YES_AGGRESSIVE;
				GCC_WARN_UNUSED_FUNCTION = YES;
				GCC_WARN_UNUSED_VARIABLE = YES;
				IPHONEOS_DEPLOYMENT_TARGET = 8.4;
				MTL_ENABLE_DEBUG_INFO = NO;
				SDKROOT = iphoneos;
				VALIDATE_PRODUCT = YES;
			};
			name = Release;
		};
		FA2B85F41B85A8DB0054AC6C /* Debug */ = {
			isa = XCBuildConfiguration;
			buildSettings = {
				ASSETCATALOG_COMPILER_APPICON_NAME = AppIcon;
				CODE_SIGN_IDENTITY = "iPhone Developer";
				INFOPLIST_FILE = NSNL/Info.plist;
				IPHONEOS_DEPLOYMENT_TARGET = 8.1;
				LD_RUNPATH_SEARCH_PATHS = "$(inherited) @executable_path/Frameworks";
				PRODUCT_NAME = "$(TARGET_NAME)";
			};
			name = Debug;
		};
		FA2B85F51B85A8DB0054AC6C /* Release */ = {
			isa = XCBuildConfiguration;
			buildSettings = {
				ASSETCATALOG_COMPILER_APPICON_NAME = AppIcon;
				CODE_SIGN_IDENTITY = "iPhone Developer";
				INFOPLIST_FILE = NSNL/Info.plist;
				IPHONEOS_DEPLOYMENT_TARGET = 8.1;
				LD_RUNPATH_SEARCH_PATHS = "$(inherited) @executable_path/Frameworks";
				PRODUCT_NAME = "$(TARGET_NAME)";
			};
			name = Release;
		};
		FA2B85F71B85A8DB0054AC6C /* Debug */ = {
			isa = XCBuildConfiguration;
			buildSettings = {
				BUNDLE_LOADER = "$(TEST_HOST)";
				FRAMEWORK_SEARCH_PATHS = (
					"$(SDKROOT)/Developer/Library/Frameworks",
					"$(inherited)",
				);
				GCC_PREPROCESSOR_DEFINITIONS = (
					"DEBUG=1",
					"$(inherited)",
				);
				INFOPLIST_FILE = NSNLTests/Info.plist;
				LD_RUNPATH_SEARCH_PATHS = "$(inherited) @executable_path/Frameworks @loader_path/Frameworks";
				PRODUCT_NAME = "$(TARGET_NAME)";
				TEST_HOST = "$(BUILT_PRODUCTS_DIR)/NSNL.app/NSNL";
			};
			name = Debug;
		};
		FA2B85F81B85A8DB0054AC6C /* Release */ = {
			isa = XCBuildConfiguration;
			buildSettings = {
				BUNDLE_LOADER = "$(TEST_HOST)";
				FRAMEWORK_SEARCH_PATHS = (
					"$(SDKROOT)/Developer/Library/Frameworks",
					"$(inherited)",
				);
				INFOPLIST_FILE = NSNLTests/Info.plist;
				LD_RUNPATH_SEARCH_PATHS = "$(inherited) @executable_path/Frameworks @loader_path/Frameworks";
				PRODUCT_NAME = "$(TARGET_NAME)";
				TEST_HOST = "$(BUILT_PRODUCTS_DIR)/NSNL.app/NSNL";
			};
			name = Release;
		};
/* End XCBuildConfiguration section */

/* Begin XCConfigurationList section */
		FA2B85CC1B85A8DA0054AC6C /* Build configuration list for PBXProject "NSNL" */ = {
			isa = XCConfigurationList;
			buildConfigurations = (
				FA2B85F11B85A8DB0054AC6C /* Debug */,
				FA2B85F21B85A8DB0054AC6C /* Release */,
			);
			defaultConfigurationIsVisible = 0;
			defaultConfigurationName = Release;
		};
		FA2B85F31B85A8DB0054AC6C /* Build configuration list for PBXNativeTarget "NSNL" */ = {
			isa = XCConfigurationList;
			buildConfigurations = (
				FA2B85F41B85A8DB0054AC6C /* Debug */,
				FA2B85F51B85A8DB0054AC6C /* Release */,
			);
			defaultConfigurationIsVisible = 0;
		};
		FA2B85F61B85A8DB0054AC6C /* Build configuration list for PBXNativeTarget "NSNLTests" */ = {
			isa = XCConfigurationList;
			buildConfigurations = (
				FA2B85F71B85A8DB0054AC6C /* Debug */,
				FA2B85F81B85A8DB0054AC6C /* Release */,
			);
			defaultConfigurationIsVisible = 0;
		};
/* End XCConfigurationList section */

/* Begin XCVersionGroup section */
		FA2B85D81B85A8DA0054AC6C /* NSNL.xcdatamodeld */ = {
			isa = XCVersionGroup;
			children = (
				FA2B85D91B85A8DA0054AC6C /* NSNL.xcdatamodel */,
			);
			currentVersion = FA2B85D91B85A8DA0054AC6C /* NSNL.xcdatamodel */;
			path = NSNL.xcdatamodeld;
			sourceTree = "<group>";
			versionGroupType = wrapper.xcdatamodel;
		};
/* End XCVersionGroup section */
	};
	rootObject = FA2B85C91B85A8DA0054AC6C /* Project object */;
}
