// !$*UTF8*$!
{
	archiveVersion = 1;
	classes = {
	};
	objectVersion = 46;
	objects = {

/* Begin PBXBuildFile section */
		98002AAB1B8AAC5E009308DE /* Main.storyboard in Resources */ = {isa = PBXBuildFile; fileRef = FAF454701B86F58D009DB6A2 /* Main.storyboard */; };
		98002AAD1B8AAC75009308DE /* top.jpg in Resources */ = {isa = PBXBuildFile; fileRef = 98002AAC1B8AAC75009308DE /* top.jpg */; };
		98002ABE1B8AACF5009308DE /* Icon-60@2x.png in Resources */ = {isa = PBXBuildFile; fileRef = 98002AAE1B8AACF5009308DE /* Icon-60@2x.png */; };
		98002ABF1B8AACF5009308DE /* Icon-60@3x.png in Resources */ = {isa = PBXBuildFile; fileRef = 98002AAF1B8AACF5009308DE /* Icon-60@3x.png */; };
		98002AC01B8AACF5009308DE /* Icon-72.png in Resources */ = {isa = PBXBuildFile; fileRef = 98002AB01B8AACF5009308DE /* Icon-72.png */; };
		98002AC11B8AACF5009308DE /* Icon-72@2x.png in Resources */ = {isa = PBXBuildFile; fileRef = 98002AB11B8AACF5009308DE /* Icon-72@2x.png */; };
		98002AC21B8AACF5009308DE /* Icon-76.png in Resources */ = {isa = PBXBuildFile; fileRef = 98002AB21B8AACF5009308DE /* Icon-76.png */; };
		98002AC31B8AACF5009308DE /* Icon-76@2x.png in Resources */ = {isa = PBXBuildFile; fileRef = 98002AB31B8AACF5009308DE /* Icon-76@2x.png */; };
		98002AC41B8AACF5009308DE /* Icon-Small-40.png in Resources */ = {isa = PBXBuildFile; fileRef = 98002AB41B8AACF5009308DE /* Icon-Small-40.png */; };
		98002AC51B8AACF5009308DE /* Icon-Small-40@2x.png in Resources */ = {isa = PBXBuildFile; fileRef = 98002AB51B8AACF5009308DE /* Icon-Small-40@2x.png */; };
		98002AC61B8AACF5009308DE /* Icon-Small-50.png in Resources */ = {isa = PBXBuildFile; fileRef = 98002AB61B8AACF5009308DE /* Icon-Small-50.png */; };
		98002AC71B8AACF5009308DE /* Icon-Small-50@2x.png in Resources */ = {isa = PBXBuildFile; fileRef = 98002AB71B8AACF5009308DE /* Icon-Small-50@2x.png */; };
		98002AC81B8AACF5009308DE /* Icon-Small.png in Resources */ = {isa = PBXBuildFile; fileRef = 98002AB81B8AACF5009308DE /* Icon-Small.png */; };
		98002AC91B8AACF5009308DE /* Icon-Small@2x.png in Resources */ = {isa = PBXBuildFile; fileRef = 98002AB91B8AACF5009308DE /* Icon-Small@2x.png */; };
		98002ACA1B8AACF5009308DE /* Icon.png in Resources */ = {isa = PBXBuildFile; fileRef = 98002ABA1B8AACF5009308DE /* Icon.png */; };
		98002ACB1B8AACF5009308DE /* Icon@2x.png in Resources */ = {isa = PBXBuildFile; fileRef = 98002ABB1B8AACF5009308DE /* Icon@2x.png */; };
		98002ACC1B8AACF5009308DE /* iTunesArtwork in Resources */ = {isa = PBXBuildFile; fileRef = 98002ABC1B8AACF5009308DE /* iTunesArtwork */; };
		98002ACD1B8AACF5009308DE /* iTunesArtwork@2x in Resources */ = {isa = PBXBuildFile; fileRef = 98002ABD1B8AACF5009308DE /* iTunesArtwork@2x */; };
		985165871B872603005EDD8C /* Status.png in Resources */ = {isa = PBXBuildFile; fileRef = 985165861B872603005EDD8C /* Status.png */; };
		9851658D1B872A8D005EDD8C /* susunde.png in Resources */ = {isa = PBXBuildFile; fileRef = 9851658C1B872A8D005EDD8C /* susunde.png */; };
		985165911B8840DE005EDD8C /* light.png in Resources */ = {isa = PBXBuildFile; fileRef = 985165901B8840DE005EDD8C /* light.png */; };
		98708E0E1B8987A50059EFCC /* mapchip2.png in Resources */ = {isa = PBXBuildFile; fileRef = 98708E0D1B8987A50059EFCC /* mapchip2.png */; };
		98708E121B898BF20059EFCC /* Mapdata2.csv in Resources */ = {isa = PBXBuildFile; fileRef = 98708E111B898BF20059EFCC /* Mapdata2.csv */; };
		98AF96C11B8AADDE0026A629 /* ghost1.png in Resources */ = {isa = PBXBuildFile; fileRef = 98AF96BF1B8AADDE0026A629 /* ghost1.png */; };
		98AF96C21B8AADDE0026A629 /* ghost2.png in Resources */ = {isa = PBXBuildFile; fileRef = 98AF96C01B8AADDE0026A629 /* ghost2.png */; };
		98AF96C41B8AB1A20026A629 /* physicdata2.csv in Resources */ = {isa = PBXBuildFile; fileRef = 98AF96C31B8AB1A20026A629 /* physicdata2.csv */; };
		98AF96C61B8B08970026A629 /* mapchip3.png in Resources */ = {isa = PBXBuildFile; fileRef = 98AF96C51B8B08970026A629 /* mapchip3.png */; };
		98AF96CA1B8B08A70026A629 /* layer1.csv in Resources */ = {isa = PBXBuildFile; fileRef = 98AF96C71B8B08A70026A629 /* layer1.csv */; };
		98AF96CB1B8B08A70026A629 /* layer2.csv in Resources */ = {isa = PBXBuildFile; fileRef = 98AF96C81B8B08A70026A629 /* layer2.csv */; };
		98AF96CC1B8B08A70026A629 /* layer3.csv in Resources */ = {isa = PBXBuildFile; fileRef = 98AF96C91B8B08A70026A629 /* layer3.csv */; };
		98AF96CF1B8B08B00026A629 /* tlayer1.csv in Resources */ = {isa = PBXBuildFile; fileRef = 98AF96CD1B8B08B00026A629 /* tlayer1.csv */; };
		98AF96D01B8B08B00026A629 /* tlayer2.csv in Resources */ = {isa = PBXBuildFile; fileRef = 98AF96CE1B8B08B00026A629 /* tlayer2.csv */; };
		98AF96D21B8B0C2D0026A629 /* physicdata3.csv in Resources */ = {isa = PBXBuildFile; fileRef = 98AF96D11B8B0C2D0026A629 /* physicdata3.csv */; };
		FA1660371B8AE86A0093F492 /* return.png in Resources */ = {isa = PBXBuildFile; fileRef = FA1660361B8AE86A0093F492 /* return.png */; };
		FA1660B51B8AFBFC0093F492 /* 1.wav in Resources */ = {isa = PBXBuildFile; fileRef = FA1660A81B8AFBFC0093F492 /* 1.wav */; };
		FA1660B61B8AFBFC0093F492 /* 2.wav in Resources */ = {isa = PBXBuildFile; fileRef = FA1660A91B8AFBFC0093F492 /* 2.wav */; };
		FA1660B71B8AFBFC0093F492 /* 3.wav in Resources */ = {isa = PBXBuildFile; fileRef = FA1660AA1B8AFBFC0093F492 /* 3.wav */; };
		FA1660B81B8AFBFC0093F492 /* 4.wav in Resources */ = {isa = PBXBuildFile; fileRef = FA1660AB1B8AFBFC0093F492 /* 4.wav */; };
		FA1660B91B8AFBFC0093F492 /* 5.wav in Resources */ = {isa = PBXBuildFile; fileRef = FA1660AC1B8AFBFC0093F492 /* 5.wav */; };
		FA1660BA1B8AFBFC0093F492 /* 6.wav in Resources */ = {isa = PBXBuildFile; fileRef = FA1660AD1B8AFBFC0093F492 /* 6.wav */; };
		FA1660BB1B8AFBFC0093F492 /* 7.wav in Resources */ = {isa = PBXBuildFile; fileRef = FA1660AE1B8AFBFC0093F492 /* 7.wav */; };
		FA1660BC1B8AFBFC0093F492 /* 8.wav in Resources */ = {isa = PBXBuildFile; fileRef = FA1660AF1B8AFBFC0093F492 /* 8.wav */; };
		FA1660BD1B8AFBFC0093F492 /* 9.wav in Resources */ = {isa = PBXBuildFile; fileRef = FA1660B01B8AFBFC0093F492 /* 9.wav */; };
		FA1660BE1B8AFBFC0093F492 /* 10.wav in Resources */ = {isa = PBXBuildFile; fileRef = FA1660B11B8AFBFC0093F492 /* 10.wav */; };
		FA1660BF1B8AFBFC0093F492 /* 11.wav in Resources */ = {isa = PBXBuildFile; fileRef = FA1660B21B8AFBFC0093F492 /* 11.wav */; };
		FA1660C01B8AFBFC0093F492 /* 12.wav in Resources */ = {isa = PBXBuildFile; fileRef = FA1660B31B8AFBFC0093F492 /* 12.wav */; };
		FA1660C11B8AFBFC0093F492 /* 13.wav in Resources */ = {isa = PBXBuildFile; fileRef = FA1660B41B8AFBFC0093F492 /* 13.wav */; };
		FA1660CE1B8B05B30093F492 /* 10.png in Resources */ = {isa = PBXBuildFile; fileRef = FA1660C21B8B05B20093F492 /* 10.png */; };
		FA1660CF1B8B05B30093F492 /* 11.png in Resources */ = {isa = PBXBuildFile; fileRef = FA1660C31B8B05B20093F492 /* 11.png */; };
		FA1660D01B8B05B30093F492 /* 12.png in Resources */ = {isa = PBXBuildFile; fileRef = FA1660C41B8B05B20093F492 /* 12.png */; };
		FA1660D11B8B05B30093F492 /* 13.png in Resources */ = {isa = PBXBuildFile; fileRef = FA1660C51B8B05B20093F492 /* 13.png */; };
		FA1660D21B8B05B30093F492 /* 14.png in Resources */ = {isa = PBXBuildFile; fileRef = FA1660C61B8B05B20093F492 /* 14.png */; };
		FA1660D31B8B05B30093F492 /* 15.png in Resources */ = {isa = PBXBuildFile; fileRef = FA1660C71B8B05B20093F492 /* 15.png */; };
		FA1660D41B8B05B30093F492 /* 16.png in Resources */ = {isa = PBXBuildFile; fileRef = FA1660C81B8B05B30093F492 /* 16.png */; };
		FA1660D51B8B05B30093F492 /* 17.png in Resources */ = {isa = PBXBuildFile; fileRef = FA1660C91B8B05B30093F492 /* 17.png */; };
		FA1660D61B8B05B30093F492 /* 18.png in Resources */ = {isa = PBXBuildFile; fileRef = FA1660CA1B8B05B30093F492 /* 18.png */; };
		FA1660D71B8B05B30093F492 /* 110.png in Resources */ = {isa = PBXBuildFile; fileRef = FA1660CB1B8B05B30093F492 /* 110.png */; };
		FA1660D81B8B05B30093F492 /* 111.png in Resources */ = {isa = PBXBuildFile; fileRef = FA1660CC1B8B05B30093F492 /* 111.png */; };
		FA1660D91B8B05B30093F492 /* 112.png in Resources */ = {isa = PBXBuildFile; fileRef = FA1660CD1B8B05B30093F492 /* 112.png */; };
		FA1660DB1B8B05BA0093F492 /* 113.png in Resources */ = {isa = PBXBuildFile; fileRef = FA1660DA1B8B05BA0093F492 /* 113.png */; };
		FA1660DD1B8B0B500093F492 /* 114.png in Resources */ = {isa = PBXBuildFile; fileRef = FA1660DC1B8B0B500093F492 /* 114.png */; };
		FA1660DF1B8B0BE90093F492 /* 14.wav in Resources */ = {isa = PBXBuildFile; fileRef = FA1660DE1B8B0BE90093F492 /* 14.wav */; };
		FA517DF11B88545A00FD900B /* hidari.wav in Resources */ = {isa = PBXBuildFile; fileRef = FA517DEE1B88545A00FD900B /* hidari.wav */; };
		FA517DF21B88545A00FD900B /* mae.wav in Resources */ = {isa = PBXBuildFile; fileRef = FA517DEF1B88545A00FD900B /* mae.wav */; };
		FA517DF31B88545A00FD900B /* migi.wav in Resources */ = {isa = PBXBuildFile; fileRef = FA517DF01B88545A00FD900B /* migi.wav */; };
		FA517DF51B8856ED00FD900B /* BluetoothConnection.swift in Sources */ = {isa = PBXBuildFile; fileRef = FA517DF41B8856ED00FD900B /* BluetoothConnection.swift */; };
		FA517DF71B8859F600FD900B /* MultipeerConnectivity.framework in Frameworks */ = {isa = PBXBuildFile; fileRef = FA517DF61B8859F600FD900B /* MultipeerConnectivity.framework */; };
		FA5AA54F1B8AA913009BAB5D /* UIKit.framework in Frameworks */ = {isa = PBXBuildFile; fileRef = FA5AA54E1B8AA913009BAB5D /* UIKit.framework */; };
		FA5AA5511B8AB021009BAB5D /* thunder.wav in Resources */ = {isa = PBXBuildFile; fileRef = FA5AA5501B8AB021009BAB5D /* thunder.wav */; };
		FA5AA5531B8AB186009BAB5D /* physicdata2.csv in Resources */ = {isa = PBXBuildFile; fileRef = FA5AA5521B8AB186009BAB5D /* physicdata2.csv */; };
		FAF454691B86F58D009DB6A2 /* AppDelegate.swift in Sources */ = {isa = PBXBuildFile; fileRef = FAF454681B86F58D009DB6A2 /* AppDelegate.swift */; };
		FAF4546B1B86F58D009DB6A2 /* GameScene.sks in Resources */ = {isa = PBXBuildFile; fileRef = FAF4546A1B86F58D009DB6A2 /* GameScene.sks */; };
		FAF4546D1B86F58D009DB6A2 /* GameScene.swift in Sources */ = {isa = PBXBuildFile; fileRef = FAF4546C1B86F58D009DB6A2 /* GameScene.swift */; };
		FAF4546F1B86F58D009DB6A2 /* GameViewController.swift in Sources */ = {isa = PBXBuildFile; fileRef = FAF4546E1B86F58D009DB6A2 /* GameViewController.swift */; };
		FAF454741B86F58D009DB6A2 /* Images.xcassets in Resources */ = {isa = PBXBuildFile; fileRef = FAF454731B86F58D009DB6A2 /* Images.xcassets */; };
		FAF4548E1B86F629009DB6A2 /* CoopViewController.swift in Sources */ = {isa = PBXBuildFile; fileRef = FAF4548C1B86F629009DB6A2 /* CoopViewController.swift */; };
		FAF4548F1B86F629009DB6A2 /* NosightViewController.swift in Sources */ = {isa = PBXBuildFile; fileRef = FAF4548D1B86F629009DB6A2 /* NosightViewController.swift */; };
		FAF454951B86F66D009DB6A2 /* chara02.gif in Resources */ = {isa = PBXBuildFile; fileRef = FAF454911B86F66D009DB6A2 /* chara02.gif */; };
		FAF454961B86F66D009DB6A2 /* mapchip1.png in Resources */ = {isa = PBXBuildFile; fileRef = FAF454921B86F66D009DB6A2 /* mapchip1.png */; };
		FAF454971B86F66D009DB6A2 /* Mapdata1.csv in Resources */ = {isa = PBXBuildFile; fileRef = FAF454931B86F66D009DB6A2 /* Mapdata1.csv */; };
		FAF454981B86F66D009DB6A2 /* physicdata1.csv in Resources */ = {isa = PBXBuildFile; fileRef = FAF454941B86F66D009DB6A2 /* physicdata1.csv */; };
		FAF4549A1B86FC47009DB6A2 /* CoreLocation.framework in Frameworks */ = {isa = PBXBuildFile; fileRef = FAF454991B86FC47009DB6A2 /* CoreLocation.framework */; };
		FAF4549C1B872691009DB6A2 /* OpenAL.framework in Frameworks */ = {isa = PBXBuildFile; fileRef = FAF4549B1B872691009DB6A2 /* OpenAL.framework */; };
		FAF4549E1B8726AB009DB6A2 /* AudioToolbox.framework in Frameworks */ = {isa = PBXBuildFile; fileRef = FAF4549D1B8726AB009DB6A2 /* AudioToolbox.framework */; };
		FAF454A41B88028F009DB6A2 /* MyOpenALSupport.swift in Sources */ = {isa = PBXBuildFile; fileRef = FAF454A01B88028F009DB6A2 /* MyOpenALSupport.swift */; };
		FAF454A51B88028F009DB6A2 /* oalPlayback.swift in Sources */ = {isa = PBXBuildFile; fileRef = FAF454A11B88028F009DB6A2 /* oalPlayback.swift */; };
		FAF454A61B88028F009DB6A2 /* oalSpatialView.swift in Sources */ = {isa = PBXBuildFile; fileRef = FAF454A21B88028F009DB6A2 /* oalSpatialView.swift */; };
		FAF454AA1B88075B009DB6A2 /* NumTypes+Conversion.swift in Sources */ = {isa = PBXBuildFile; fileRef = FAF454A91B88075B009DB6A2 /* NumTypes+Conversion.swift */; };
/* End PBXBuildFile section */

/* Begin PBXContainerItemProxy section */
		FAF4547D1B86F58D009DB6A2 /* PBXContainerItemProxy */ = {
			isa = PBXContainerItemProxy;
			containerPortal = FAF4545B1B86F58D009DB6A2 /* Project object */;
			proxyType = 1;
			remoteGlobalIDString = FAF454621B86F58D009DB6A2;
			remoteInfo = NSNL;
		};
/* End PBXContainerItemProxy section */

/* Begin PBXFileReference section */
		98002AAC1B8AAC75009308DE /* top.jpg */ = {isa = PBXFileReference; lastKnownFileType = image.jpeg; path = top.jpg; sourceTree = "<group>"; };
		98002AAE1B8AACF5009308DE /* Icon-60@2x.png */ = {isa = PBXFileReference; lastKnownFileType = image.png; path = "Icon-60@2x.png"; sourceTree = "<group>"; };
		98002AAF1B8AACF5009308DE /* Icon-60@3x.png */ = {isa = PBXFileReference; lastKnownFileType = image.png; path = "Icon-60@3x.png"; sourceTree = "<group>"; };
		98002AB01B8AACF5009308DE /* Icon-72.png */ = {isa = PBXFileReference; lastKnownFileType = image.png; path = "Icon-72.png"; sourceTree = "<group>"; };
		98002AB11B8AACF5009308DE /* Icon-72@2x.png */ = {isa = PBXFileReference; lastKnownFileType = image.png; path = "Icon-72@2x.png"; sourceTree = "<group>"; };
		98002AB21B8AACF5009308DE /* Icon-76.png */ = {isa = PBXFileReference; lastKnownFileType = image.png; path = "Icon-76.png"; sourceTree = "<group>"; };
		98002AB31B8AACF5009308DE /* Icon-76@2x.png */ = {isa = PBXFileReference; lastKnownFileType = image.png; path = "Icon-76@2x.png"; sourceTree = "<group>"; };
		98002AB41B8AACF5009308DE /* Icon-Small-40.png */ = {isa = PBXFileReference; lastKnownFileType = image.png; path = "Icon-Small-40.png"; sourceTree = "<group>"; };
		98002AB51B8AACF5009308DE /* Icon-Small-40@2x.png */ = {isa = PBXFileReference; lastKnownFileType = image.png; path = "Icon-Small-40@2x.png"; sourceTree = "<group>"; };
		98002AB61B8AACF5009308DE /* Icon-Small-50.png */ = {isa = PBXFileReference; lastKnownFileType = image.png; path = "Icon-Small-50.png"; sourceTree = "<group>"; };
		98002AB71B8AACF5009308DE /* Icon-Small-50@2x.png */ = {isa = PBXFileReference; lastKnownFileType = image.png; path = "Icon-Small-50@2x.png"; sourceTree = "<group>"; };
		98002AB81B8AACF5009308DE /* Icon-Small.png */ = {isa = PBXFileReference; lastKnownFileType = image.png; path = "Icon-Small.png"; sourceTree = "<group>"; };
		98002AB91B8AACF5009308DE /* Icon-Small@2x.png */ = {isa = PBXFileReference; lastKnownFileType = image.png; path = "Icon-Small@2x.png"; sourceTree = "<group>"; };
		98002ABA1B8AACF5009308DE /* Icon.png */ = {isa = PBXFileReference; lastKnownFileType = image.png; path = Icon.png; sourceTree = "<group>"; };
		98002ABB1B8AACF5009308DE /* Icon@2x.png */ = {isa = PBXFileReference; lastKnownFileType = image.png; path = "Icon@2x.png"; sourceTree = "<group>"; };
		98002ABC1B8AACF5009308DE /* iTunesArtwork */ = {isa = PBXFileReference; lastKnownFileType = file; path = iTunesArtwork; sourceTree = "<group>"; };
		98002ABD1B8AACF5009308DE /* iTunesArtwork@2x */ = {isa = PBXFileReference; lastKnownFileType = file; path = "iTunesArtwork@2x"; sourceTree = "<group>"; };
		985165861B872603005EDD8C /* Status.png */ = {isa = PBXFileReference; lastKnownFileType = image.png; path = Status.png; sourceTree = "<group>"; };
		9851658C1B872A8D005EDD8C /* susunde.png */ = {isa = PBXFileReference; lastKnownFileType = image.png; path = susunde.png; sourceTree = "<group>"; };
		985165901B8840DE005EDD8C /* light.png */ = {isa = PBXFileReference; lastKnownFileType = image.png; path = light.png; sourceTree = "<group>"; };
		98708E0D1B8987A50059EFCC /* mapchip2.png */ = {isa = PBXFileReference; lastKnownFileType = image.png; path = mapchip2.png; sourceTree = "<group>"; };
		98708E111B898BF20059EFCC /* Mapdata2.csv */ = {isa = PBXFileReference; fileEncoding = 4; lastKnownFileType = text; path = Mapdata2.csv; sourceTree = "<group>"; };
		98AF96BF1B8AADDE0026A629 /* ghost1.png */ = {isa = PBXFileReference; lastKnownFileType = image.png; path = ghost1.png; sourceTree = "<group>"; };
		98AF96C01B8AADDE0026A629 /* ghost2.png */ = {isa = PBXFileReference; lastKnownFileType = image.png; path = ghost2.png; sourceTree = "<group>"; };
		98AF96C31B8AB1A20026A629 /* physicdata2.csv */ = {isa = PBXFileReference; fileEncoding = 4; lastKnownFileType = text; path = physicdata2.csv; sourceTree = "<group>"; };
		98AF96C51B8B08970026A629 /* mapchip3.png */ = {isa = PBXFileReference; lastKnownFileType = image.png; path = mapchip3.png; sourceTree = "<group>"; };
		98AF96C71B8B08A70026A629 /* layer1.csv */ = {isa = PBXFileReference; fileEncoding = 4; lastKnownFileType = text; path = layer1.csv; sourceTree = "<group>"; };
		98AF96C81B8B08A70026A629 /* layer2.csv */ = {isa = PBXFileReference; fileEncoding = 4; lastKnownFileType = text; path = layer2.csv; sourceTree = "<group>"; };
		98AF96C91B8B08A70026A629 /* layer3.csv */ = {isa = PBXFileReference; fileEncoding = 4; lastKnownFileType = text; path = layer3.csv; sourceTree = "<group>"; };
		98AF96CD1B8B08B00026A629 /* tlayer1.csv */ = {isa = PBXFileReference; fileEncoding = 4; lastKnownFileType = text; path = tlayer1.csv; sourceTree = "<group>"; };
		98AF96CE1B8B08B00026A629 /* tlayer2.csv */ = {isa = PBXFileReference; fileEncoding = 4; lastKnownFileType = text; path = tlayer2.csv; sourceTree = "<group>"; };
		98AF96D11B8B0C2D0026A629 /* physicdata3.csv */ = {isa = PBXFileReference; fileEncoding = 4; lastKnownFileType = text; path = physicdata3.csv; sourceTree = "<group>"; };
		FA1660361B8AE86A0093F492 /* return.png */ = {isa = PBXFileReference; lastKnownFileType = image.png; path = return.png; sourceTree = SOURCE_ROOT; };
		FA1660A81B8AFBFC0093F492 /* 1.wav */ = {isa = PBXFileReference; lastKnownFileType = audio.wav; path = 1.wav; sourceTree = SOURCE_ROOT; };
		FA1660A91B8AFBFC0093F492 /* 2.wav */ = {isa = PBXFileReference; lastKnownFileType = audio.wav; path = 2.wav; sourceTree = SOURCE_ROOT; };
		FA1660AA1B8AFBFC0093F492 /* 3.wav */ = {isa = PBXFileReference; lastKnownFileType = audio.wav; path = 3.wav; sourceTree = SOURCE_ROOT; };
		FA1660AB1B8AFBFC0093F492 /* 4.wav */ = {isa = PBXFileReference; lastKnownFileType = audio.wav; path = 4.wav; sourceTree = SOURCE_ROOT; };
		FA1660AC1B8AFBFC0093F492 /* 5.wav */ = {isa = PBXFileReference; lastKnownFileType = audio.wav; path = 5.wav; sourceTree = SOURCE_ROOT; };
		FA1660AD1B8AFBFC0093F492 /* 6.wav */ = {isa = PBXFileReference; lastKnownFileType = audio.wav; path = 6.wav; sourceTree = SOURCE_ROOT; };
		FA1660AE1B8AFBFC0093F492 /* 7.wav */ = {isa = PBXFileReference; lastKnownFileType = audio.wav; path = 7.wav; sourceTree = SOURCE_ROOT; };
		FA1660AF1B8AFBFC0093F492 /* 8.wav */ = {isa = PBXFileReference; lastKnownFileType = audio.wav; path = 8.wav; sourceTree = SOURCE_ROOT; };
		FA1660B01B8AFBFC0093F492 /* 9.wav */ = {isa = PBXFileReference; lastKnownFileType = audio.wav; path = 9.wav; sourceTree = SOURCE_ROOT; };
		FA1660B11B8AFBFC0093F492 /* 10.wav */ = {isa = PBXFileReference; lastKnownFileType = audio.wav; path = 10.wav; sourceTree = SOURCE_ROOT; };
		FA1660B21B8AFBFC0093F492 /* 11.wav */ = {isa = PBXFileReference; lastKnownFileType = audio.wav; path = 11.wav; sourceTree = SOURCE_ROOT; };
		FA1660B31B8AFBFC0093F492 /* 12.wav */ = {isa = PBXFileReference; lastKnownFileType = audio.wav; path = 12.wav; sourceTree = SOURCE_ROOT; };
		FA1660B41B8AFBFC0093F492 /* 13.wav */ = {isa = PBXFileReference; lastKnownFileType = audio.wav; path = 13.wav; sourceTree = SOURCE_ROOT; };
		FA1660C21B8B05B20093F492 /* 10.png */ = {isa = PBXFileReference; lastKnownFileType = image.png; path = 10.png; sourceTree = SOURCE_ROOT; };
		FA1660C31B8B05B20093F492 /* 11.png */ = {isa = PBXFileReference; lastKnownFileType = image.png; path = 11.png; sourceTree = SOURCE_ROOT; };
		FA1660C41B8B05B20093F492 /* 12.png */ = {isa = PBXFileReference; lastKnownFileType = image.png; path = 12.png; sourceTree = SOURCE_ROOT; };
		FA1660C51B8B05B20093F492 /* 13.png */ = {isa = PBXFileReference; lastKnownFileType = image.png; path = 13.png; sourceTree = SOURCE_ROOT; };
		FA1660C61B8B05B20093F492 /* 14.png */ = {isa = PBXFileReference; lastKnownFileType = image.png; path = 14.png; sourceTree = SOURCE_ROOT; };
		FA1660C71B8B05B20093F492 /* 15.png */ = {isa = PBXFileReference; lastKnownFileType = image.png; path = 15.png; sourceTree = SOURCE_ROOT; };
		FA1660C81B8B05B30093F492 /* 16.png */ = {isa = PBXFileReference; lastKnownFileType = image.png; path = 16.png; sourceTree = SOURCE_ROOT; };
		FA1660C91B8B05B30093F492 /* 17.png */ = {isa = PBXFileReference; lastKnownFileType = image.png; path = 17.png; sourceTree = SOURCE_ROOT; };
		FA1660CA1B8B05B30093F492 /* 18.png */ = {isa = PBXFileReference; lastKnownFileType = image.png; path = 18.png; sourceTree = SOURCE_ROOT; };
		FA1660CB1B8B05B30093F492 /* 110.png */ = {isa = PBXFileReference; lastKnownFileType = image.png; path = 110.png; sourceTree = SOURCE_ROOT; };
		FA1660CC1B8B05B30093F492 /* 111.png */ = {isa = PBXFileReference; lastKnownFileType = image.png; path = 111.png; sourceTree = SOURCE_ROOT; };
		FA1660CD1B8B05B30093F492 /* 112.png */ = {isa = PBXFileReference; lastKnownFileType = image.png; path = 112.png; sourceTree = SOURCE_ROOT; };
		FA1660DA1B8B05BA0093F492 /* 113.png */ = {isa = PBXFileReference; lastKnownFileType = image.png; path = 113.png; sourceTree = SOURCE_ROOT; };
		FA1660DC1B8B0B500093F492 /* 114.png */ = {isa = PBXFileReference; lastKnownFileType = image.png; path = 114.png; sourceTree = SOURCE_ROOT; };
		FA1660DE1B8B0BE90093F492 /* 14.wav */ = {isa = PBXFileReference; lastKnownFileType = audio.wav; path = 14.wav; sourceTree = SOURCE_ROOT; };
		FA517DEE1B88545A00FD900B /* hidari.wav */ = {isa = PBXFileReference; lastKnownFileType = audio.wav; path = hidari.wav; sourceTree = SOURCE_ROOT; };
		FA517DEF1B88545A00FD900B /* mae.wav */ = {isa = PBXFileReference; lastKnownFileType = audio.wav; path = mae.wav; sourceTree = SOURCE_ROOT; };
		FA517DF01B88545A00FD900B /* migi.wav */ = {isa = PBXFileReference; lastKnownFileType = audio.wav; path = migi.wav; sourceTree = SOURCE_ROOT; };
		FA517DF41B8856ED00FD900B /* BluetoothConnection.swift */ = {isa = PBXFileReference; fileEncoding = 4; lastKnownFileType = sourcecode.swift; path = BluetoothConnection.swift; sourceTree = "<group>"; };
		FA517DF61B8859F600FD900B /* MultipeerConnectivity.framework */ = {isa = PBXFileReference; lastKnownFileType = wrapper.framework; name = MultipeerConnectivity.framework; path = System/Library/Frameworks/MultipeerConnectivity.framework; sourceTree = SDKROOT; };
		FA5AA54E1B8AA913009BAB5D /* UIKit.framework */ = {isa = PBXFileReference; lastKnownFileType = wrapper.framework; name = UIKit.framework; path = System/Library/Frameworks/UIKit.framework; sourceTree = SDKROOT; };
		FA5AA5501B8AB021009BAB5D /* thunder.wav */ = {isa = PBXFileReference; lastKnownFileType = audio.wav; path = thunder.wav; sourceTree = SOURCE_ROOT; };
		FA5AA5521B8AB186009BAB5D /* physicdata2.csv */ = {isa = PBXFileReference; fileEncoding = 4; lastKnownFileType = text; path = physicdata2.csv; sourceTree = SOURCE_ROOT; };
		FAF454631B86F58D009DB6A2 /* NSNL.app */ = {isa = PBXFileReference; explicitFileType = wrapper.application; includeInIndex = 0; path = NSNL.app; sourceTree = BUILT_PRODUCTS_DIR; };
		FAF454671B86F58D009DB6A2 /* Info.plist */ = {isa = PBXFileReference; lastKnownFileType = text.plist.xml; path = Info.plist; sourceTree = "<group>"; };
		FAF454681B86F58D009DB6A2 /* AppDelegate.swift */ = {isa = PBXFileReference; lastKnownFileType = sourcecode.swift; path = AppDelegate.swift; sourceTree = "<group>"; };
		FAF4546A1B86F58D009DB6A2 /* GameScene.sks */ = {isa = PBXFileReference; lastKnownFileType = file.sks; path = GameScene.sks; sourceTree = "<group>"; };
		FAF4546C1B86F58D009DB6A2 /* GameScene.swift */ = {isa = PBXFileReference; lastKnownFileType = sourcecode.swift; path = GameScene.swift; sourceTree = "<group>"; };
		FAF4546E1B86F58D009DB6A2 /* GameViewController.swift */ = {isa = PBXFileReference; lastKnownFileType = sourcecode.swift; path = GameViewController.swift; sourceTree = "<group>"; };
		FAF454711B86F58D009DB6A2 /* Base */ = {isa = PBXFileReference; lastKnownFileType = file.storyboard; name = Base; path = Base.lproj/Main.storyboard; sourceTree = "<group>"; };
		FAF454731B86F58D009DB6A2 /* Images.xcassets */ = {isa = PBXFileReference; lastKnownFileType = folder.assetcatalog; path = Images.xcassets; sourceTree = "<group>"; };
		FAF454761B86F58D009DB6A2 /* Base */ = {isa = PBXFileReference; lastKnownFileType = file.xib; name = Base; path = Base.lproj/LaunchScreen.xib; sourceTree = "<group>"; };
		FAF4547C1B86F58D009DB6A2 /* NSNLTests.xctest */ = {isa = PBXFileReference; explicitFileType = wrapper.cfbundle; includeInIndex = 0; path = NSNLTests.xctest; sourceTree = BUILT_PRODUCTS_DIR; };
		FAF4548C1B86F629009DB6A2 /* CoopViewController.swift */ = {isa = PBXFileReference; fileEncoding = 4; lastKnownFileType = sourcecode.swift; path = CoopViewController.swift; sourceTree = "<group>"; };
		FAF4548D1B86F629009DB6A2 /* NosightViewController.swift */ = {isa = PBXFileReference; fileEncoding = 4; lastKnownFileType = sourcecode.swift; path = NosightViewController.swift; sourceTree = "<group>"; };
		FAF454911B86F66D009DB6A2 /* chara02.gif */ = {isa = PBXFileReference; lastKnownFileType = image.gif; path = chara02.gif; sourceTree = SOURCE_ROOT; };
		FAF454921B86F66D009DB6A2 /* mapchip1.png */ = {isa = PBXFileReference; lastKnownFileType = image.png; path = mapchip1.png; sourceTree = SOURCE_ROOT; };
		FAF454931B86F66D009DB6A2 /* Mapdata1.csv */ = {isa = PBXFileReference; fileEncoding = 4; lastKnownFileType = text; path = Mapdata1.csv; sourceTree = SOURCE_ROOT; };
		FAF454941B86F66D009DB6A2 /* physicdata1.csv */ = {isa = PBXFileReference; fileEncoding = 4; lastKnownFileType = text; path = physicdata1.csv; sourceTree = SOURCE_ROOT; };
		FAF454991B86FC47009DB6A2 /* CoreLocation.framework */ = {isa = PBXFileReference; lastKnownFileType = wrapper.framework; name = CoreLocation.framework; path = System/Library/Frameworks/CoreLocation.framework; sourceTree = SDKROOT; };
		FAF4549B1B872691009DB6A2 /* OpenAL.framework */ = {isa = PBXFileReference; lastKnownFileType = wrapper.framework; name = OpenAL.framework; path = System/Library/Frameworks/OpenAL.framework; sourceTree = SDKROOT; };
		FAF4549D1B8726AB009DB6A2 /* AudioToolbox.framework */ = {isa = PBXFileReference; lastKnownFileType = wrapper.framework; name = AudioToolbox.framework; path = System/Library/Frameworks/AudioToolbox.framework; sourceTree = SDKROOT; };
		FAF454A01B88028F009DB6A2 /* MyOpenALSupport.swift */ = {isa = PBXFileReference; fileEncoding = 4; lastKnownFileType = sourcecode.swift; name = MyOpenALSupport.swift; path = NSNL/MyOpenALSupport.swift; sourceTree = SOURCE_ROOT; };
		FAF454A11B88028F009DB6A2 /* oalPlayback.swift */ = {isa = PBXFileReference; fileEncoding = 4; lastKnownFileType = sourcecode.swift; name = oalPlayback.swift; path = NSNL/oalPlayback.swift; sourceTree = SOURCE_ROOT; };
		FAF454A21B88028F009DB6A2 /* oalSpatialView.swift */ = {isa = PBXFileReference; fileEncoding = 4; lastKnownFileType = sourcecode.swift; name = oalSpatialView.swift; path = NSNL/oalSpatialView.swift; sourceTree = SOURCE_ROOT; };
		FAF454A91B88075B009DB6A2 /* NumTypes+Conversion.swift */ = {isa = PBXFileReference; fileEncoding = 4; lastKnownFileType = sourcecode.swift; path = "NumTypes+Conversion.swift"; sourceTree = "<group>"; };
/* End PBXFileReference section */

/* Begin PBXFrameworksBuildPhase section */
		FAF454601B86F58D009DB6A2 /* Frameworks */ = {
			isa = PBXFrameworksBuildPhase;
			buildActionMask = 2147483647;
			files = (
				FA5AA54F1B8AA913009BAB5D /* UIKit.framework in Frameworks */,
				FA517DF71B8859F600FD900B /* MultipeerConnectivity.framework in Frameworks */,
				FAF4549E1B8726AB009DB6A2 /* AudioToolbox.framework in Frameworks */,
				FAF4549C1B872691009DB6A2 /* OpenAL.framework in Frameworks */,
				FAF4549A1B86FC47009DB6A2 /* CoreLocation.framework in Frameworks */,
			);
			runOnlyForDeploymentPostprocessing = 0;
		};
		FAF454791B86F58D009DB6A2 /* Frameworks */ = {
			isa = PBXFrameworksBuildPhase;
			buildActionMask = 2147483647;
			files = (
			);
			runOnlyForDeploymentPostprocessing = 0;
		};
/* End PBXFrameworksBuildPhase section */

/* Begin PBXGroup section */
		FAF4545A1B86F58D009DB6A2 = {
			isa = PBXGroup;
			children = (
				FAF454651B86F58D009DB6A2 /* NSNL */,
				FAF454641B86F58D009DB6A2 /* Products */,
				FAF4549F1B88021D009DB6A2 /* Frameworks */,
			);
			sourceTree = "<group>";
		};
		FAF454641B86F58D009DB6A2 /* Products */ = {
			isa = PBXGroup;
			children = (
				FAF454631B86F58D009DB6A2 /* NSNL.app */,
				FAF4547C1B86F58D009DB6A2 /* NSNLTests.xctest */,
			);
			name = Products;
			sourceTree = "<group>";
		};
		FAF454651B86F58D009DB6A2 /* NSNL */ = {
			isa = PBXGroup;
			children = (
				FAF454A81B8802A2009DB6A2 /* OpenAL */,
				FAF454681B86F58D009DB6A2 /* AppDelegate.swift */,
				FA517DF41B8856ED00FD900B /* BluetoothConnection.swift */,
				FAF4546A1B86F58D009DB6A2 /* GameScene.sks */,
				FAF4546C1B86F58D009DB6A2 /* GameScene.swift */,
				FAF4546E1B86F58D009DB6A2 /* GameViewController.swift */,
				FAF4548C1B86F629009DB6A2 /* CoopViewController.swift */,
				FAF4548D1B86F629009DB6A2 /* NosightViewController.swift */,
				FAF454A91B88075B009DB6A2 /* NumTypes+Conversion.swift */,
				FAF454701B86F58D009DB6A2 /* Main.storyboard */,
				FAF454731B86F58D009DB6A2 /* Images.xcassets */,
				FAF454901B86F63D009DB6A2 /* Material */,
				FAF454751B86F58D009DB6A2 /* LaunchScreen.xib */,
				FAF454661B86F58D009DB6A2 /* Supporting Files */,
			);
			path = NSNL;
			sourceTree = "<group>";
		};
		FAF454661B86F58D009DB6A2 /* Supporting Files */ = {
			isa = PBXGroup;
			children = (
				FAF454671B86F58D009DB6A2 /* Info.plist */,
			);
			name = "Supporting Files";
			sourceTree = "<group>";
		};
		FAF454901B86F63D009DB6A2 /* Material */ = {
			isa = PBXGroup;
			children = (
<<<<<<< HEAD
				98AF96C51B8B08970026A629 /* mapchip3.png */,
				98AF96C71B8B08A70026A629 /* layer1.csv */,
				98AF96C81B8B08A70026A629 /* layer2.csv */,
				98AF96C91B8B08A70026A629 /* layer3.csv */,
				98AF96CD1B8B08B00026A629 /* tlayer1.csv */,
				98AF96CE1B8B08B00026A629 /* tlayer2.csv */,
=======
				FA1660C21B8B05B20093F492 /* 10.png */,
				FA1660C31B8B05B20093F492 /* 11.png */,
				FA1660C41B8B05B20093F492 /* 12.png */,
				FA1660C51B8B05B20093F492 /* 13.png */,
				FA1660C61B8B05B20093F492 /* 14.png */,
				FA1660C71B8B05B20093F492 /* 15.png */,
				FA1660C81B8B05B30093F492 /* 16.png */,
				FA1660C91B8B05B30093F492 /* 17.png */,
				FA1660CA1B8B05B30093F492 /* 18.png */,
				FA1660CB1B8B05B30093F492 /* 110.png */,
				FA1660CC1B8B05B30093F492 /* 111.png */,
				FA1660CD1B8B05B30093F492 /* 112.png */,
				FA1660DA1B8B05BA0093F492 /* 113.png */,
				FA1660DC1B8B0B500093F492 /* 114.png */,
>>>>>>> 1fbf79c1f611bc1a3f766a5969541fbe3cd1673f
				FA5AA5521B8AB186009BAB5D /* physicdata2.csv */,
				98AF96D11B8B0C2D0026A629 /* physicdata3.csv */,
				98AF96C31B8AB1A20026A629 /* physicdata2.csv */,
				FA1660A81B8AFBFC0093F492 /* 1.wav */,
				FA1660A91B8AFBFC0093F492 /* 2.wav */,
				FA1660AA1B8AFBFC0093F492 /* 3.wav */,
				FA1660AB1B8AFBFC0093F492 /* 4.wav */,
				FA1660AC1B8AFBFC0093F492 /* 5.wav */,
				FA1660AD1B8AFBFC0093F492 /* 6.wav */,
				FA1660AE1B8AFBFC0093F492 /* 7.wav */,
				FA1660AF1B8AFBFC0093F492 /* 8.wav */,
				FA1660B01B8AFBFC0093F492 /* 9.wav */,
				FA1660B11B8AFBFC0093F492 /* 10.wav */,
				FA1660B21B8AFBFC0093F492 /* 11.wav */,
				FA1660B31B8AFBFC0093F492 /* 12.wav */,
				FA1660B41B8AFBFC0093F492 /* 13.wav */,
				FA1660DE1B8B0BE90093F492 /* 14.wav */,
				FA1660361B8AE86A0093F492 /* return.png */,
				98AF96BF1B8AADDE0026A629 /* ghost1.png */,
				98AF96C01B8AADDE0026A629 /* ghost2.png */,
				98002AAE1B8AACF5009308DE /* Icon-60@2x.png */,
				98002AAF1B8AACF5009308DE /* Icon-60@3x.png */,
				98002AB01B8AACF5009308DE /* Icon-72.png */,
				98002AB11B8AACF5009308DE /* Icon-72@2x.png */,
				98002AB21B8AACF5009308DE /* Icon-76.png */,
				98002AB31B8AACF5009308DE /* Icon-76@2x.png */,
				98002AB41B8AACF5009308DE /* Icon-Small-40.png */,
				98002AB51B8AACF5009308DE /* Icon-Small-40@2x.png */,
				98002AB61B8AACF5009308DE /* Icon-Small-50.png */,
				98002AB71B8AACF5009308DE /* Icon-Small-50@2x.png */,
				98002AB81B8AACF5009308DE /* Icon-Small.png */,
				98002AB91B8AACF5009308DE /* Icon-Small@2x.png */,
				98002ABA1B8AACF5009308DE /* Icon.png */,
				98002ABB1B8AACF5009308DE /* Icon@2x.png */,
				98002ABC1B8AACF5009308DE /* iTunesArtwork */,
				98002ABD1B8AACF5009308DE /* iTunesArtwork@2x */,
				FA5AA5501B8AB021009BAB5D /* thunder.wav */,
				98002AAC1B8AAC75009308DE /* top.jpg */,
				98708E111B898BF20059EFCC /* Mapdata2.csv */,
				98708E0D1B8987A50059EFCC /* mapchip2.png */,
				FA517DEE1B88545A00FD900B /* hidari.wav */,
				FA517DEF1B88545A00FD900B /* mae.wav */,
				FA517DF01B88545A00FD900B /* migi.wav */,
				985165901B8840DE005EDD8C /* light.png */,
				9851658C1B872A8D005EDD8C /* susunde.png */,
				985165861B872603005EDD8C /* Status.png */,
				FAF454911B86F66D009DB6A2 /* chara02.gif */,
				FAF454921B86F66D009DB6A2 /* mapchip1.png */,
				FAF454931B86F66D009DB6A2 /* Mapdata1.csv */,
				FAF454941B86F66D009DB6A2 /* physicdata1.csv */,
			);
			name = Material;
			sourceTree = "<group>";
		};
		FAF4549F1B88021D009DB6A2 /* Frameworks */ = {
			isa = PBXGroup;
			children = (
				FA5AA54E1B8AA913009BAB5D /* UIKit.framework */,
				FA517DF61B8859F600FD900B /* MultipeerConnectivity.framework */,
				FAF4549D1B8726AB009DB6A2 /* AudioToolbox.framework */,
				FAF4549B1B872691009DB6A2 /* OpenAL.framework */,
				FAF454991B86FC47009DB6A2 /* CoreLocation.framework */,
			);
			name = Frameworks;
			path = NSNL.xcodeproj;
			sourceTree = "<group>";
		};
		FAF454A81B8802A2009DB6A2 /* OpenAL */ = {
			isa = PBXGroup;
			children = (
				FAF454A01B88028F009DB6A2 /* MyOpenALSupport.swift */,
				FAF454A11B88028F009DB6A2 /* oalPlayback.swift */,
				FAF454A21B88028F009DB6A2 /* oalSpatialView.swift */,
			);
			name = OpenAL;
			sourceTree = "<group>";
		};
/* End PBXGroup section */

/* Begin PBXNativeTarget section */
		FAF454621B86F58D009DB6A2 /* NSNL */ = {
			isa = PBXNativeTarget;
			buildConfigurationList = FAF454861B86F58D009DB6A2 /* Build configuration list for PBXNativeTarget "NSNL" */;
			buildPhases = (
				FAF4545F1B86F58D009DB6A2 /* Sources */,
				FAF454601B86F58D009DB6A2 /* Frameworks */,
				FAF454611B86F58D009DB6A2 /* Resources */,
			);
			buildRules = (
			);
			dependencies = (
			);
			name = NSNL;
			productName = NSNL;
			productReference = FAF454631B86F58D009DB6A2 /* NSNL.app */;
			productType = "com.apple.product-type.application";
		};
		FAF4547B1B86F58D009DB6A2 /* NSNLTests */ = {
			isa = PBXNativeTarget;
			buildConfigurationList = FAF454891B86F58D009DB6A2 /* Build configuration list for PBXNativeTarget "NSNLTests" */;
			buildPhases = (
				FAF454781B86F58D009DB6A2 /* Sources */,
				FAF454791B86F58D009DB6A2 /* Frameworks */,
				FAF4547A1B86F58D009DB6A2 /* Resources */,
			);
			buildRules = (
			);
			dependencies = (
				FAF4547E1B86F58D009DB6A2 /* PBXTargetDependency */,
			);
			name = NSNLTests;
			productName = NSNLTests;
			productReference = FAF4547C1B86F58D009DB6A2 /* NSNLTests.xctest */;
			productType = "com.apple.product-type.bundle.unit-test";
		};
/* End PBXNativeTarget section */

/* Begin PBXProject section */
		FAF4545B1B86F58D009DB6A2 /* Project object */ = {
			isa = PBXProject;
			attributes = {
				LastSwiftUpdateCheck = 0700;
				LastUpgradeCheck = 0640;
				ORGANIZATIONNAME = "Nishinaka Tomoki";
				TargetAttributes = {
					FAF454621B86F58D009DB6A2 = {
						CreatedOnToolsVersion = 6.4;
						DevelopmentTeam = 8589MH68KB;
					};
					FAF4547B1B86F58D009DB6A2 = {
						CreatedOnToolsVersion = 6.4;
						DevelopmentTeam = 8589MH68KB;
						TestTargetID = FAF454621B86F58D009DB6A2;
					};
				};
			};
			buildConfigurationList = FAF4545E1B86F58D009DB6A2 /* Build configuration list for PBXProject "NSNL" */;
			compatibilityVersion = "Xcode 3.2";
			developmentRegion = English;
			hasScannedForEncodings = 0;
			knownRegions = (
				en,
				Base,
			);
			mainGroup = FAF4545A1B86F58D009DB6A2;
			productRefGroup = FAF454641B86F58D009DB6A2 /* Products */;
			projectDirPath = "";
			projectRoot = "";
			targets = (
				FAF454621B86F58D009DB6A2 /* NSNL */,
				FAF4547B1B86F58D009DB6A2 /* NSNLTests */,
			);
		};
/* End PBXProject section */

/* Begin PBXResourcesBuildPhase section */
		FAF454611B86F58D009DB6A2 /* Resources */ = {
			isa = PBXResourcesBuildPhase;
			buildActionMask = 2147483647;
			files = (
<<<<<<< HEAD
				98AF96CA1B8B08A70026A629 /* layer1.csv in Resources */,
				FA16609C1B8AF9550093F492 /* 12.png in Resources */,
=======
				FA1660CE1B8B05B30093F492 /* 10.png in Resources */,
>>>>>>> 1fbf79c1f611bc1a3f766a5969541fbe3cd1673f
				98002AAB1B8AAC5E009308DE /* Main.storyboard in Resources */,
				98002AC61B8AACF5009308DE /* Icon-Small-50.png in Resources */,
				FA517DF11B88545A00FD900B /* hidari.wav in Resources */,
				98002AC91B8AACF5009308DE /* Icon-Small@2x.png in Resources */,
				FA1660DD1B8B0B500093F492 /* 114.png in Resources */,
				FA1660B91B8AFBFC0093F492 /* 5.wav in Resources */,
				FA1660B71B8AFBFC0093F492 /* 3.wav in Resources */,
				98AF96C21B8AADDE0026A629 /* ghost2.png in Resources */,
				98002ACA1B8AACF5009308DE /* Icon.png in Resources */,
				FAF454741B86F58D009DB6A2 /* Images.xcassets in Resources */,
				FA1660D11B8B05B30093F492 /* 13.png in Resources */,
				98002AC01B8AACF5009308DE /* Icon-72.png in Resources */,
				FA517DF21B88545A00FD900B /* mae.wav in Resources */,
				FA1660BC1B8AFBFC0093F492 /* 8.wav in Resources */,
				98AF96C11B8AADDE0026A629 /* ghost1.png in Resources */,
				98708E0E1B8987A50059EFCC /* mapchip2.png in Resources */,
				FAF454951B86F66D009DB6A2 /* chara02.gif in Resources */,
				98002AC81B8AACF5009308DE /* Icon-Small.png in Resources */,
				FA1660371B8AE86A0093F492 /* return.png in Resources */,
				FA1660B61B8AFBFC0093F492 /* 2.wav in Resources */,
				FAF4546B1B86F58D009DB6A2 /* GameScene.sks in Resources */,
				FA1660B51B8AFBFC0093F492 /* 1.wav in Resources */,
				FA1660D51B8B05B30093F492 /* 17.png in Resources */,
				98002AC71B8AACF5009308DE /* Icon-Small-50@2x.png in Resources */,
				98002AC11B8AACF5009308DE /* Icon-72@2x.png in Resources */,
				FA5AA5511B8AB021009BAB5D /* thunder.wav in Resources */,
				FA1660BF1B8AFBFC0093F492 /* 11.wav in Resources */,
				98AF96C61B8B08970026A629 /* mapchip3.png in Resources */,
				FAF454981B86F66D009DB6A2 /* physicdata1.csv in Resources */,
				FA1660C01B8AFBFC0093F492 /* 12.wav in Resources */,
				985165911B8840DE005EDD8C /* light.png in Resources */,
				FA5AA5531B8AB186009BAB5D /* physicdata2.csv in Resources */,
				FA1660BE1B8AFBFC0093F492 /* 10.wav in Resources */,
				FA1660D31B8B05B30093F492 /* 15.png in Resources */,
				FA1660D61B8B05B30093F492 /* 18.png in Resources */,
				98002ACB1B8AACF5009308DE /* Icon@2x.png in Resources */,
				FA1660BA1B8AFBFC0093F492 /* 6.wav in Resources */,
				FAF454961B86F66D009DB6A2 /* mapchip1.png in Resources */,
				98002AC41B8AACF5009308DE /* Icon-Small-40.png in Resources */,
				98AF96CB1B8B08A70026A629 /* layer2.csv in Resources */,
				98AF96CC1B8B08A70026A629 /* layer3.csv in Resources */,
				98002AAD1B8AAC75009308DE /* top.jpg in Resources */,
				FA1660C11B8AFBFC0093F492 /* 13.wav in Resources */,
				98002ABE1B8AACF5009308DE /* Icon-60@2x.png in Resources */,
				FA1660D71B8B05B30093F492 /* 110.png in Resources */,
				FA1660D81B8B05B30093F492 /* 111.png in Resources */,
				98708E121B898BF20059EFCC /* Mapdata2.csv in Resources */,
				FA1660BB1B8AFBFC0093F492 /* 7.wav in Resources */,
				985165871B872603005EDD8C /* Status.png in Resources */,
				FA1660D01B8B05B30093F492 /* 12.png in Resources */,
				FA517DF31B88545A00FD900B /* migi.wav in Resources */,
				98002AC21B8AACF5009308DE /* Icon-76.png in Resources */,
				98002AC31B8AACF5009308DE /* Icon-76@2x.png in Resources */,
				FA1660D91B8B05B30093F492 /* 112.png in Resources */,
				9851658D1B872A8D005EDD8C /* susunde.png in Resources */,
<<<<<<< HEAD
				FA1660A01B8AF9550093F492 /* 16.png in Resources */,
				98AF96D21B8B0C2D0026A629 /* physicdata3.csv in Resources */,
=======
>>>>>>> 1fbf79c1f611bc1a3f766a5969541fbe3cd1673f
				FA1660B81B8AFBFC0093F492 /* 4.wav in Resources */,
				98002AC51B8AACF5009308DE /* Icon-Small-40@2x.png in Resources */,
				FA1660CF1B8B05B30093F492 /* 11.png in Resources */,
				98002ACD1B8AACF5009308DE /* iTunesArtwork@2x in Resources */,
<<<<<<< HEAD
				98AF96CF1B8B08B00026A629 /* tlayer1.csv in Resources */,
				FA16609B1B8AF9550093F492 /* 11.png in Resources */,
=======
>>>>>>> 1fbf79c1f611bc1a3f766a5969541fbe3cd1673f
				98002ABF1B8AACF5009308DE /* Icon-60@3x.png in Resources */,
				98AF96C41B8AB1A20026A629 /* physicdata2.csv in Resources */,
				FA1660DF1B8B0BE90093F492 /* 14.wav in Resources */,
				FA1660BD1B8AFBFC0093F492 /* 9.wav in Resources */,
<<<<<<< HEAD
				98AF96D01B8B08B00026A629 /* tlayer2.csv in Resources */,
				FA1660A71B8AF9550093F492 /* 113.png in Resources */,
=======
				FA1660D21B8B05B30093F492 /* 14.png in Resources */,
>>>>>>> 1fbf79c1f611bc1a3f766a5969541fbe3cd1673f
				FAF454971B86F66D009DB6A2 /* Mapdata1.csv in Resources */,
				98002ACC1B8AACF5009308DE /* iTunesArtwork in Resources */,
				FA1660D41B8B05B30093F492 /* 16.png in Resources */,
				FA1660DB1B8B05BA0093F492 /* 113.png in Resources */,
			);
			runOnlyForDeploymentPostprocessing = 0;
		};
		FAF4547A1B86F58D009DB6A2 /* Resources */ = {
			isa = PBXResourcesBuildPhase;
			buildActionMask = 2147483647;
			files = (
			);
			runOnlyForDeploymentPostprocessing = 0;
		};
/* End PBXResourcesBuildPhase section */

/* Begin PBXSourcesBuildPhase section */
		FAF4545F1B86F58D009DB6A2 /* Sources */ = {
			isa = PBXSourcesBuildPhase;
			buildActionMask = 2147483647;
			files = (
				FAF4546D1B86F58D009DB6A2 /* GameScene.swift in Sources */,
				FAF4546F1B86F58D009DB6A2 /* GameViewController.swift in Sources */,
				FAF454691B86F58D009DB6A2 /* AppDelegate.swift in Sources */,
				FAF4548F1B86F629009DB6A2 /* NosightViewController.swift in Sources */,
				FA517DF51B8856ED00FD900B /* BluetoothConnection.swift in Sources */,
				FAF454A61B88028F009DB6A2 /* oalSpatialView.swift in Sources */,
				FAF454AA1B88075B009DB6A2 /* NumTypes+Conversion.swift in Sources */,
				FAF454A41B88028F009DB6A2 /* MyOpenALSupport.swift in Sources */,
				FAF454A51B88028F009DB6A2 /* oalPlayback.swift in Sources */,
				FAF4548E1B86F629009DB6A2 /* CoopViewController.swift in Sources */,
			);
			runOnlyForDeploymentPostprocessing = 0;
		};
		FAF454781B86F58D009DB6A2 /* Sources */ = {
			isa = PBXSourcesBuildPhase;
			buildActionMask = 2147483647;
			files = (
			);
			runOnlyForDeploymentPostprocessing = 0;
		};
/* End PBXSourcesBuildPhase section */

/* Begin PBXTargetDependency section */
		FAF4547E1B86F58D009DB6A2 /* PBXTargetDependency */ = {
			isa = PBXTargetDependency;
			target = FAF454621B86F58D009DB6A2 /* NSNL */;
			targetProxy = FAF4547D1B86F58D009DB6A2 /* PBXContainerItemProxy */;
		};
/* End PBXTargetDependency section */

/* Begin PBXVariantGroup section */
		FAF454701B86F58D009DB6A2 /* Main.storyboard */ = {
			isa = PBXVariantGroup;
			children = (
				FAF454711B86F58D009DB6A2 /* Base */,
			);
			name = Main.storyboard;
			sourceTree = "<group>";
		};
		FAF454751B86F58D009DB6A2 /* LaunchScreen.xib */ = {
			isa = PBXVariantGroup;
			children = (
				FAF454761B86F58D009DB6A2 /* Base */,
			);
			name = LaunchScreen.xib;
			sourceTree = "<group>";
		};
/* End PBXVariantGroup section */

/* Begin XCBuildConfiguration section */
		FAF454841B86F58D009DB6A2 /* Debug */ = {
			isa = XCBuildConfiguration;
			buildSettings = {
				ALWAYS_SEARCH_USER_PATHS = NO;
				CLANG_CXX_LANGUAGE_STANDARD = "gnu++0x";
				CLANG_CXX_LIBRARY = "libc++";
				CLANG_ENABLE_MODULES = YES;
				CLANG_ENABLE_OBJC_ARC = YES;
				CLANG_WARN_BOOL_CONVERSION = YES;
				CLANG_WARN_CONSTANT_CONVERSION = YES;
				CLANG_WARN_DIRECT_OBJC_ISA_USAGE = YES_ERROR;
				CLANG_WARN_EMPTY_BODY = YES;
				CLANG_WARN_ENUM_CONVERSION = YES;
				CLANG_WARN_INT_CONVERSION = YES;
				CLANG_WARN_OBJC_ROOT_CLASS = YES_ERROR;
				CLANG_WARN_UNREACHABLE_CODE = YES;
				CLANG_WARN__DUPLICATE_METHOD_MATCH = YES;
				"CODE_SIGN_IDENTITY[sdk=iphoneos*]" = "iPhone Developer";
				COPY_PHASE_STRIP = NO;
				DEBUG_INFORMATION_FORMAT = "dwarf-with-dsym";
				ENABLE_STRICT_OBJC_MSGSEND = YES;
				GCC_C_LANGUAGE_STANDARD = gnu99;
				GCC_DYNAMIC_NO_PIC = NO;
				GCC_NO_COMMON_BLOCKS = YES;
				GCC_OPTIMIZATION_LEVEL = 0;
				GCC_PREPROCESSOR_DEFINITIONS = (
					"DEBUG=1",
					"$(inherited)",
				);
				GCC_SYMBOLS_PRIVATE_EXTERN = NO;
				GCC_WARN_64_TO_32_BIT_CONVERSION = YES;
				GCC_WARN_ABOUT_RETURN_TYPE = YES_ERROR;
				GCC_WARN_UNDECLARED_SELECTOR = YES;
				GCC_WARN_UNINITIALIZED_AUTOS = YES_AGGRESSIVE;
				GCC_WARN_UNUSED_FUNCTION = YES;
				GCC_WARN_UNUSED_VARIABLE = YES;
				IPHONEOS_DEPLOYMENT_TARGET = 8.0;
				MTL_ENABLE_DEBUG_INFO = YES;
				ONLY_ACTIVE_ARCH = YES;
				SDKROOT = iphoneos;
				SWIFT_OPTIMIZATION_LEVEL = "-Onone";
			};
			name = Debug;
		};
		FAF454851B86F58D009DB6A2 /* Release */ = {
			isa = XCBuildConfiguration;
			buildSettings = {
				ALWAYS_SEARCH_USER_PATHS = NO;
				CLANG_CXX_LANGUAGE_STANDARD = "gnu++0x";
				CLANG_CXX_LIBRARY = "libc++";
				CLANG_ENABLE_MODULES = YES;
				CLANG_ENABLE_OBJC_ARC = YES;
				CLANG_WARN_BOOL_CONVERSION = YES;
				CLANG_WARN_CONSTANT_CONVERSION = YES;
				CLANG_WARN_DIRECT_OBJC_ISA_USAGE = YES_ERROR;
				CLANG_WARN_EMPTY_BODY = YES;
				CLANG_WARN_ENUM_CONVERSION = YES;
				CLANG_WARN_INT_CONVERSION = YES;
				CLANG_WARN_OBJC_ROOT_CLASS = YES_ERROR;
				CLANG_WARN_UNREACHABLE_CODE = YES;
				CLANG_WARN__DUPLICATE_METHOD_MATCH = YES;
				"CODE_SIGN_IDENTITY[sdk=iphoneos*]" = "iPhone Developer";
				COPY_PHASE_STRIP = NO;
				DEBUG_INFORMATION_FORMAT = "dwarf-with-dsym";
				ENABLE_NS_ASSERTIONS = NO;
				ENABLE_STRICT_OBJC_MSGSEND = YES;
				GCC_C_LANGUAGE_STANDARD = gnu99;
				GCC_NO_COMMON_BLOCKS = YES;
				GCC_WARN_64_TO_32_BIT_CONVERSION = YES;
				GCC_WARN_ABOUT_RETURN_TYPE = YES_ERROR;
				GCC_WARN_UNDECLARED_SELECTOR = YES;
				GCC_WARN_UNINITIALIZED_AUTOS = YES_AGGRESSIVE;
				GCC_WARN_UNUSED_FUNCTION = YES;
				GCC_WARN_UNUSED_VARIABLE = YES;
				IPHONEOS_DEPLOYMENT_TARGET = 8.0;
				MTL_ENABLE_DEBUG_INFO = NO;
				SDKROOT = iphoneos;
				VALIDATE_PRODUCT = YES;
			};
			name = Release;
		};
		FAF454871B86F58D009DB6A2 /* Debug */ = {
			isa = XCBuildConfiguration;
			buildSettings = {
				ASSETCATALOG_COMPILER_APPICON_NAME = AppIcon;
				CODE_SIGN_IDENTITY = "iPhone Developer";
				"CODE_SIGN_IDENTITY[sdk=iphoneos*]" = "iPhone Developer";
				INFOPLIST_FILE = NSNL/Info.plist;
				IPHONEOS_DEPLOYMENT_TARGET = 8.0;
				LD_RUNPATH_SEARCH_PATHS = "$(inherited) @executable_path/Frameworks";
				PRODUCT_NAME = "$(TARGET_NAME)";
				PROVISIONING_PROFILE = "";
			};
			name = Debug;
		};
		FAF454881B86F58D009DB6A2 /* Release */ = {
			isa = XCBuildConfiguration;
			buildSettings = {
				ASSETCATALOG_COMPILER_APPICON_NAME = AppIcon;
				CODE_SIGN_IDENTITY = "iPhone Developer";
				"CODE_SIGN_IDENTITY[sdk=iphoneos*]" = "iPhone Developer";
				INFOPLIST_FILE = NSNL/Info.plist;
				IPHONEOS_DEPLOYMENT_TARGET = 8.0;
				LD_RUNPATH_SEARCH_PATHS = "$(inherited) @executable_path/Frameworks";
				PRODUCT_NAME = "$(TARGET_NAME)";
				PROVISIONING_PROFILE = "";
			};
			name = Release;
		};
		FAF4548A1B86F58D009DB6A2 /* Debug */ = {
			isa = XCBuildConfiguration;
			buildSettings = {
				BUNDLE_LOADER = "$(TEST_HOST)";
				CODE_SIGN_IDENTITY = "iPhone Developer";
				"CODE_SIGN_IDENTITY[sdk=iphoneos*]" = "iPhone Developer";
				FRAMEWORK_SEARCH_PATHS = (
					"$(SDKROOT)/Developer/Library/Frameworks",
					"$(inherited)",
				);
				GCC_PREPROCESSOR_DEFINITIONS = (
					"DEBUG=1",
					"$(inherited)",
				);
				INFOPLIST_FILE = NSNLTests/Info.plist;
				LD_RUNPATH_SEARCH_PATHS = "$(inherited) @executable_path/Frameworks @loader_path/Frameworks";
				PRODUCT_NAME = "$(TARGET_NAME)";
				PROVISIONING_PROFILE = "";
				TEST_HOST = "$(BUILT_PRODUCTS_DIR)/NSNL.app/NSNL";
			};
			name = Debug;
		};
		FAF4548B1B86F58D009DB6A2 /* Release */ = {
			isa = XCBuildConfiguration;
			buildSettings = {
				BUNDLE_LOADER = "$(TEST_HOST)";
				CODE_SIGN_IDENTITY = "iPhone Developer";
				"CODE_SIGN_IDENTITY[sdk=iphoneos*]" = "iPhone Developer";
				FRAMEWORK_SEARCH_PATHS = (
					"$(SDKROOT)/Developer/Library/Frameworks",
					"$(inherited)",
				);
				INFOPLIST_FILE = NSNLTests/Info.plist;
				LD_RUNPATH_SEARCH_PATHS = "$(inherited) @executable_path/Frameworks @loader_path/Frameworks";
				PRODUCT_NAME = "$(TARGET_NAME)";
				PROVISIONING_PROFILE = "";
				TEST_HOST = "$(BUILT_PRODUCTS_DIR)/NSNL.app/NSNL";
			};
			name = Release;
		};
/* End XCBuildConfiguration section */

/* Begin XCConfigurationList section */
		FAF4545E1B86F58D009DB6A2 /* Build configuration list for PBXProject "NSNL" */ = {
			isa = XCConfigurationList;
			buildConfigurations = (
				FAF454841B86F58D009DB6A2 /* Debug */,
				FAF454851B86F58D009DB6A2 /* Release */,
			);
			defaultConfigurationIsVisible = 0;
			defaultConfigurationName = Release;
		};
		FAF454861B86F58D009DB6A2 /* Build configuration list for PBXNativeTarget "NSNL" */ = {
			isa = XCConfigurationList;
			buildConfigurations = (
				FAF454871B86F58D009DB6A2 /* Debug */,
				FAF454881B86F58D009DB6A2 /* Release */,
			);
			defaultConfigurationIsVisible = 0;
			defaultConfigurationName = Release;
		};
		FAF454891B86F58D009DB6A2 /* Build configuration list for PBXNativeTarget "NSNLTests" */ = {
			isa = XCConfigurationList;
			buildConfigurations = (
				FAF4548A1B86F58D009DB6A2 /* Debug */,
				FAF4548B1B86F58D009DB6A2 /* Release */,
			);
			defaultConfigurationIsVisible = 0;
			defaultConfigurationName = Release;
		};
/* End XCConfigurationList section */
	};
	rootObject = FAF4545B1B86F58D009DB6A2 /* Project object */;
}
